
Microsoft Visual Studio Solution File, Format Version 12.00
# Visual Studio 2012
Project("{FAE04EC0-301F-11D3-BF4B-00C04F79EFBC}") = "SampleMVC4Project", "SampleMVC4Project\SampleMVC4Project.csproj", "{80ED1579-8516-4C02-B692-8C27BADCA844}"
EndProject
Project("{FAE04EC0-301F-11D3-BF4B-00C04F79EFBC}") = "SampleMVC3Project", "SampleMVC3Project\SampleMVC3Project.csproj", "{3B57AF15-F3AF-41D3-8C28-2AB0195D92D0}"
EndProject
Global
	GlobalSection(SolutionConfigurationPlatforms) = preSolution
		Debug|Any CPU = Debug|Any CPU
		Release|Any CPU = Release|Any CPU
	EndGlobalSection
	GlobalSection(ProjectConfigurationPlatforms) = postSolution
		{80ED1579-8516-4C02-B692-8C27BADCA844}.Debug|Any CPU.ActiveCfg = Debug|Any CPU
		{80ED1579-8516-4C02-B692-8C27BADCA844}.Debug|Any CPU.Build.0 = Debug|Any CPU
		{80ED1579-8516-4C02-B692-8C27BADCA844}.Release|Any CPU.ActiveCfg = Release|Any CPU
		{80ED1579-8516-4C02-B692-8C27BADCA844}.Release|Any CPU.Build.0 = Release|Any CPU
		{3B57AF15-F3AF-41D3-8C28-2AB0195D92D0}.Debug|Any CPU.ActiveCfg = Debug|Any CPU
		{3B57AF15-F3AF-41D3-8C28-2AB0195D92D0}.Debug|Any CPU.Build.0 = Debug|Any CPU
		{3B57AF15-F3AF-41D3-8C28-2AB0195D92D0}.Release|Any CPU.ActiveCfg = Release|Any CPU
		{3B57AF15-F3AF-41D3-8C28-2AB0195D92D0}.Release|Any CPU.Build.0 = Release|Any CPU
	EndGlobalSection
	GlobalSection(SolutionProperties) = preSolution
		HideSolutionNode = FALSE
	EndGlobalSection
EndGlobal
